// !$*UTF8*$!
{
	archiveVersion = 1;
	classes = {
	};
	objectVersion = 77;
	objects = {

/* Begin PBXBuildFile section */
		08B75CF71343BCD267C5E5DC /* SettingsView.swift in Sources */ = {isa = PBXBuildFile; fileRef = 6617ED93CB3948DDC39CF52C /* SettingsView.swift */; };
		0AA5E93C876A926810D8B4B2 /* PermissionService.swift in Sources */ = {isa = PBXBuildFile; fileRef = 5739668272749B5086BEA68B /* PermissionService.swift */; };
		0BF99920DF62C3CF8A3DA28E /* FeatureRegistry.swift in Sources */ = {isa = PBXBuildFile; fileRef = D07A2249F8E297F591842763 /* FeatureRegistry.swift */; };
		1114DB51A38F5CD34AC943C1 /* WindowInfoTests.swift in Sources */ = {isa = PBXBuildFile; fileRef = F8B0CBD6573171F7122D7993 /* WindowInfoTests.swift */; };
		122F4937927516ED46956B18 /* CropOverlayView.swift in Sources */ = {isa = PBXBuildFile; fileRef = 9BC08E26DD762163BEBC7C01 /* CropOverlayView.swift */; };
		12CB9B411BD141CA03681119 /* AppConfig.swift in Sources */ = {isa = PBXBuildFile; fileRef = AA875B8580D78621EC5EA799 /* AppConfig.swift */; };
		20D9E6AF2FBB6656FA24BEC8 /* ScreenshotDrawingView.swift in Sources */ = {isa = PBXBuildFile; fileRef = CA0B45EB40522A2817199DA3 /* ScreenshotDrawingView.swift */; };
		297AF9C2B4E972E9D9596A8A /* NoShitMacCore.framework in Frameworks */ = {isa = PBXBuildFile; fileRef = DE88F83AF56B613D323828DE /* NoShitMacCore.framework */; };
		2B9F9ED84F7A2D68AC195C60 /* main.swift in Sources */ = {isa = PBXBuildFile; fileRef = 94A581D048608447EA094F4F /* main.swift */; };
		2FD5448B46D41D765C5DA492 /* WindowActivator.swift in Sources */ = {isa = PBXBuildFile; fileRef = CD84D3EC239C9261F1978139 /* WindowActivator.swift */; };
		35DAFBC8ACD21D9854ED4768 /* AppConfigTests.swift in Sources */ = {isa = PBXBuildFile; fileRef = 7AFA8365DCB26CCBBB73C98A /* AppConfigTests.swift */; };
		4BED347212E115D948B8714D /* SwitcherOverlayView.swift in Sources */ = {isa = PBXBuildFile; fileRef = E582400698A4075CD8DFE576 /* SwitcherOverlayView.swift */; };
		6048E64E450CB64715BA334D /* NoShitMacCore.framework in Embed Frameworks */ = {isa = PBXBuildFile; fileRef = DE88F83AF56B613D323828DE /* NoShitMacCore.framework */; settings = {ATTRIBUTES = (CodeSignOnCopy, RemoveHeadersOnCopy, ); }; };
		633BF8B98A51E69606480856 /* ConfigStore.swift in Sources */ = {isa = PBXBuildFile; fileRef = 19131B466290896FF77964B7 /* ConfigStore.swift */; };
		65B10C0F864BBD2A46638F1B /* AppCoordinator.swift in Sources */ = {isa = PBXBuildFile; fileRef = C2836353C06394981A484261 /* AppCoordinator.swift */; };
		690027E7088C5EDBEF6315E3 /* ScreenCaptureKit.framework in Frameworks */ = {isa = PBXBuildFile; fileRef = D6949391F52D9B8D4FDC218D /* ScreenCaptureKit.framework */; };
		6E375ECDF76EEA033DEF8F38 /* WindowSwitcherFeature.swift in Sources */ = {isa = PBXBuildFile; fileRef = DE35A535B325EEB6EE5F01B2 /* WindowSwitcherFeature.swift */; };
		7EA6B5C17A1701BB87911115 /* ScreenshotEditorView.swift in Sources */ = {isa = PBXBuildFile; fileRef = 55F82EE3151B18BFA6499F9B /* ScreenshotEditorView.swift */; };
		8645CABEA8557959C98A07FE /* WindowEnumerator.swift in Sources */ = {isa = PBXBuildFile; fileRef = 639B0A8771B6A85D1D058B92 /* WindowEnumerator.swift */; };
		86D500186C1014C0A2878459 /* NoShitMacCore.swift in Sources */ = {isa = PBXBuildFile; fileRef = 1F970FD5659E366CDF97CC72 /* NoShitMacCore.swift */; };
		8E97BC747F35EF9E234D6B71 /* MenuBarView.swift in Sources */ = {isa = PBXBuildFile; fileRef = 6A2B9287111A3866148E483E /* MenuBarView.swift */; };
		92A7309F9473648A7F580B15 /* OverlayWindowManager.swift in Sources */ = {isa = PBXBuildFile; fileRef = 4C53A4661F4A89E50AACEC7B /* OverlayWindowManager.swift */; };
		9AE3BDA2A29821F6F589F069 /* HotkeyService.swift in Sources */ = {isa = PBXBuildFile; fileRef = 0E6B4FBA4378AC95E70954B5 /* HotkeyService.swift */; };
		B009C6167BB2FF71DB263DA9 /* CaptureService.swift in Sources */ = {isa = PBXBuildFile; fileRef = A26C37124DD4FDAE6DE45719 /* CaptureService.swift */; };
		C5929BDCB1ACB6A02D924863 /* Assets.xcassets in Resources */ = {isa = PBXBuildFile; fileRef = 1119BE6990180280A1444CE2 /* Assets.xcassets */; };
		C79275419CA6DFBD4AD2E016 /* RegionSelectionView.swift in Sources */ = {isa = PBXBuildFile; fileRef = 194F38700024B6C3208AD858 /* RegionSelectionView.swift */; };
		CD1EE841B83A79EF50648BC2 /* FeatureModule.swift in Sources */ = {isa = PBXBuildFile; fileRef = A002DE1C30C417CD0D599887 /* FeatureModule.swift */; };
		D704137E6021E0AACD4B32D7 /* WindowInfo.swift in Sources */ = {isa = PBXBuildFile; fileRef = 82ED34B3DAB4F9D7E805CC23 /* WindowInfo.swift */; };
		D79430FCBCA2F0E77DB18E0A /* NoShitMacApp.swift in Sources */ = {isa = PBXBuildFile; fileRef = 71C4EBEAEF768526B76DC3AE /* NoShitMacApp.swift */; };
		E361041752B2B2C3700EB2B1 /* NoShitMacCore.framework in Frameworks */ = {isa = PBXBuildFile; fileRef = DE88F83AF56B613D323828DE /* NoShitMacCore.framework */; };
		EEED5F08F56C834F7FDA60E6 /* HotkeyRecorderView.swift in Sources */ = {isa = PBXBuildFile; fileRef = CB99B75435B8C3DBAC7FE399 /* HotkeyRecorderView.swift */; };
		F514FA669663FB040E8B18DE /* ScreenshotFeature.swift in Sources */ = {isa = PBXBuildFile; fileRef = 3374B50437E21F5244D39C55 /* ScreenshotFeature.swift */; };
		FBC81D74B0D9FFDB9032B855 /* NoShitMacCore.framework in Embed Frameworks */ = {isa = PBXBuildFile; fileRef = DE88F83AF56B613D323828DE /* NoShitMacCore.framework */; settings = {ATTRIBUTES = (CodeSignOnCopy, RemoveHeadersOnCopy, ); }; };
		FF6A1FCA38F1CF5357A551C1 /* HotkeyBinding.swift in Sources */ = {isa = PBXBuildFile; fileRef = F7985F2FB50F93476112218C /* HotkeyBinding.swift */; };
/* End PBXBuildFile section */

/* Begin PBXContainerItemProxy section */
		BE3C462BC04F4449F0EA6417 /* PBXContainerItemProxy */ = {
			isa = PBXContainerItemProxy;
			containerPortal = ED1A8D11E3DA3315FBDF9C04 /* Project object */;
			proxyType = 1;
			remoteGlobalIDString = 38E9B8507F62A913BBA9E75B;
			remoteInfo = NoShitMacCore;
		};
		C50E5E748DCBCFABB75AC87B /* PBXContainerItemProxy */ = {
			isa = PBXContainerItemProxy;
			containerPortal = ED1A8D11E3DA3315FBDF9C04 /* Project object */;
			proxyType = 1;
			remoteGlobalIDString = 38E9B8507F62A913BBA9E75B;
			remoteInfo = NoShitMacCore;
		};
		FD55879EB74A7FFE2AB38E16 /* PBXContainerItemProxy */ = {
			isa = PBXContainerItemProxy;
			containerPortal = ED1A8D11E3DA3315FBDF9C04 /* Project object */;
			proxyType = 1;
			remoteGlobalIDString = 56B3A76A72F1C8AD5A7202F6;
			remoteInfo = NoShitMac;
		};
/* End PBXContainerItemProxy section */

/* Begin PBXCopyFilesBuildPhase section */
		10FF69264EA09519F15A6E2E /* Embed Frameworks */ = {
			isa = PBXCopyFilesBuildPhase;
			buildActionMask = 2147483647;
			dstPath = "";
			dstSubfolderSpec = 10;
			files = (
				FBC81D74B0D9FFDB9032B855 /* NoShitMacCore.framework in Embed Frameworks */,
			);
			name = "Embed Frameworks";
			runOnlyForDeploymentPostprocessing = 0;
		};
		A6A08337C97883E154C918D4 /* Embed Frameworks */ = {
			isa = PBXCopyFilesBuildPhase;
			buildActionMask = 2147483647;
			dstPath = "";
			dstSubfolderSpec = 10;
			files = (
				6048E64E450CB64715BA334D /* NoShitMacCore.framework in Embed Frameworks */,
			);
			name = "Embed Frameworks";
			runOnlyForDeploymentPostprocessing = 0;
		};
/* End PBXCopyFilesBuildPhase section */

/* Begin PBXFileReference section */
		07D6EC9BCA848B34411B8A58 /* NoShitMacTests.xctest */ = {isa = PBXFileReference; explicitFileType = wrapper.cfbundle; includeInIndex = 0; path = NoShitMacTests.xctest; sourceTree = BUILT_PRODUCTS_DIR; };
		0E6B4FBA4378AC95E70954B5 /* HotkeyService.swift */ = {isa = PBXFileReference; lastKnownFileType = sourcecode.swift; path = HotkeyService.swift; sourceTree = "<group>"; };
		1119BE6990180280A1444CE2 /* Assets.xcassets */ = {isa = PBXFileReference; lastKnownFileType = folder.assetcatalog; path = Assets.xcassets; sourceTree = "<group>"; };
		19131B466290896FF77964B7 /* ConfigStore.swift */ = {isa = PBXFileReference; lastKnownFileType = sourcecode.swift; path = ConfigStore.swift; sourceTree = "<group>"; };
		194F38700024B6C3208AD858 /* RegionSelectionView.swift */ = {isa = PBXFileReference; lastKnownFileType = sourcecode.swift; path = RegionSelectionView.swift; sourceTree = "<group>"; };
		1F970FD5659E366CDF97CC72 /* NoShitMacCore.swift */ = {isa = PBXFileReference; lastKnownFileType = sourcecode.swift; path = NoShitMacCore.swift; sourceTree = "<group>"; };
		3374B50437E21F5244D39C55 /* ScreenshotFeature.swift */ = {isa = PBXFileReference; lastKnownFileType = sourcecode.swift; path = ScreenshotFeature.swift; sourceTree = "<group>"; };
		4C53A4661F4A89E50AACEC7B /* OverlayWindowManager.swift */ = {isa = PBXFileReference; lastKnownFileType = sourcecode.swift; path = OverlayWindowManager.swift; sourceTree = "<group>"; };
		55F06C130E8A8CD80F484F9E /* NoShitMacAgent */ = {isa = PBXFileReference; includeInIndex = 0; path = NoShitMacAgent; sourceTree = BUILT_PRODUCTS_DIR; };
		55F82EE3151B18BFA6499F9B /* ScreenshotEditorView.swift */ = {isa = PBXFileReference; lastKnownFileType = sourcecode.swift; path = ScreenshotEditorView.swift; sourceTree = "<group>"; };
		5739668272749B5086BEA68B /* PermissionService.swift */ = {isa = PBXFileReference; lastKnownFileType = sourcecode.swift; path = PermissionService.swift; sourceTree = "<group>"; };
		639B0A8771B6A85D1D058B92 /* WindowEnumerator.swift */ = {isa = PBXFileReference; lastKnownFileType = sourcecode.swift; path = WindowEnumerator.swift; sourceTree = "<group>"; };
		6617ED93CB3948DDC39CF52C /* SettingsView.swift */ = {isa = PBXFileReference; lastKnownFileType = sourcecode.swift; path = SettingsView.swift; sourceTree = "<group>"; };
		6A2B9287111A3866148E483E /* MenuBarView.swift */ = {isa = PBXFileReference; lastKnownFileType = sourcecode.swift; path = MenuBarView.swift; sourceTree = "<group>"; };
		71C4EBEAEF768526B76DC3AE /* NoShitMacApp.swift */ = {isa = PBXFileReference; lastKnownFileType = sourcecode.swift; path = NoShitMacApp.swift; sourceTree = "<group>"; };
		7AFA8365DCB26CCBBB73C98A /* AppConfigTests.swift */ = {isa = PBXFileReference; lastKnownFileType = sourcecode.swift; path = AppConfigTests.swift; sourceTree = "<group>"; };
		82ED34B3DAB4F9D7E805CC23 /* WindowInfo.swift */ = {isa = PBXFileReference; lastKnownFileType = sourcecode.swift; path = WindowInfo.swift; sourceTree = "<group>"; };
		94A581D048608447EA094F4F /* main.swift */ = {isa = PBXFileReference; lastKnownFileType = sourcecode.swift; path = main.swift; sourceTree = "<group>"; };
		9BC08E26DD762163BEBC7C01 /* CropOverlayView.swift */ = {isa = PBXFileReference; lastKnownFileType = sourcecode.swift; path = CropOverlayView.swift; sourceTree = "<group>"; };
		A002DE1C30C417CD0D599887 /* FeatureModule.swift */ = {isa = PBXFileReference; lastKnownFileType = sourcecode.swift; path = FeatureModule.swift; sourceTree = "<group>"; };
		A26C37124DD4FDAE6DE45719 /* CaptureService.swift */ = {isa = PBXFileReference; lastKnownFileType = sourcecode.swift; path = CaptureService.swift; sourceTree = "<group>"; };
		A2B6BCD4E3CC7D1F3380A6F8 /* Info.plist */ = {isa = PBXFileReference; lastKnownFileType = text.plist; path = Info.plist; sourceTree = "<group>"; };
		AA875B8580D78621EC5EA799 /* AppConfig.swift */ = {isa = PBXFileReference; lastKnownFileType = sourcecode.swift; path = AppConfig.swift; sourceTree = "<group>"; };
		BDD3F8A04B6F64FAA00A5268 /* NoShitMac.app */ = {isa = PBXFileReference; explicitFileType = wrapper.application; includeInIndex = 0; path = NoShitMac.app; sourceTree = BUILT_PRODUCTS_DIR; };
		C2836353C06394981A484261 /* AppCoordinator.swift */ = {isa = PBXFileReference; lastKnownFileType = sourcecode.swift; path = AppCoordinator.swift; sourceTree = "<group>"; };
		CA0B45EB40522A2817199DA3 /* ScreenshotDrawingView.swift */ = {isa = PBXFileReference; lastKnownFileType = sourcecode.swift; path = ScreenshotDrawingView.swift; sourceTree = "<group>"; };
		CB99B75435B8C3DBAC7FE399 /* HotkeyRecorderView.swift */ = {isa = PBXFileReference; lastKnownFileType = sourcecode.swift; path = HotkeyRecorderView.swift; sourceTree = "<group>"; };
		CD84D3EC239C9261F1978139 /* WindowActivator.swift */ = {isa = PBXFileReference; lastKnownFileType = sourcecode.swift; path = WindowActivator.swift; sourceTree = "<group>"; };
		D07A2249F8E297F591842763 /* FeatureRegistry.swift */ = {isa = PBXFileReference; lastKnownFileType = sourcecode.swift; path = FeatureRegistry.swift; sourceTree = "<group>"; };
		D6949391F52D9B8D4FDC218D /* ScreenCaptureKit.framework */ = {isa = PBXFileReference; lastKnownFileType = wrapper.framework; name = ScreenCaptureKit.framework; path = System/Library/Frameworks/ScreenCaptureKit.framework; sourceTree = SDKROOT; };
		DE35A535B325EEB6EE5F01B2 /* WindowSwitcherFeature.swift */ = {isa = PBXFileReference; lastKnownFileType = sourcecode.swift; path = WindowSwitcherFeature.swift; sourceTree = "<group>"; };
		DE88F83AF56B613D323828DE /* NoShitMacCore.framework */ = {isa = PBXFileReference; explicitFileType = wrapper.framework; includeInIndex = 0; path = NoShitMacCore.framework; sourceTree = BUILT_PRODUCTS_DIR; };
		E582400698A4075CD8DFE576 /* SwitcherOverlayView.swift */ = {isa = PBXFileReference; lastKnownFileType = sourcecode.swift; path = SwitcherOverlayView.swift; sourceTree = "<group>"; };
		F7985F2FB50F93476112218C /* HotkeyBinding.swift */ = {isa = PBXFileReference; lastKnownFileType = sourcecode.swift; path = HotkeyBinding.swift; sourceTree = "<group>"; };
		F8B0CBD6573171F7122D7993 /* WindowInfoTests.swift */ = {isa = PBXFileReference; lastKnownFileType = sourcecode.swift; path = WindowInfoTests.swift; sourceTree = "<group>"; };
		FFA597F39408054241085A8E /* NoShitMac.entitlements */ = {isa = PBXFileReference; lastKnownFileType = text.plist.entitlements; path = NoShitMac.entitlements; sourceTree = "<group>"; };
/* End PBXFileReference section */

/* Begin PBXFrameworksBuildPhase section */
		8785D55D0F118E0100D2EAC5 /* Frameworks */ = {
			isa = PBXFrameworksBuildPhase;
			buildActionMask = 2147483647;
			files = (
				297AF9C2B4E972E9D9596A8A /* NoShitMacCore.framework in Frameworks */,
				690027E7088C5EDBEF6315E3 /* ScreenCaptureKit.framework in Frameworks */,
			);
			runOnlyForDeploymentPostprocessing = 0;
		};
		B08028ADD3097EA74D6601EE /* Frameworks */ = {
			isa = PBXFrameworksBuildPhase;
			buildActionMask = 2147483647;
			files = (
				E361041752B2B2C3700EB2B1 /* NoShitMacCore.framework in Frameworks */,
			);
			runOnlyForDeploymentPostprocessing = 0;
		};
/* End PBXFrameworksBuildPhase section */

/* Begin PBXGroup section */
		01500E1B7E948611D69CC046 /* Models */ = {
			isa = PBXGroup;
			children = (
				AA875B8580D78621EC5EA799 /* AppConfig.swift */,
				F7985F2FB50F93476112218C /* HotkeyBinding.swift */,
			);
			path = Models;
			sourceTree = "<group>";
		};
		0D2A924DCEBD2C774D0241B8 /* Frameworks */ = {
			isa = PBXGroup;
			children = (
				D6949391F52D9B8D4FDC218D /* ScreenCaptureKit.framework */,
			);
			name = Frameworks;
			sourceTree = "<group>";
		};
		1FC2BF055956C5520526097F /* WindowSwitcher */ = {
			isa = PBXGroup;
			children = (
				E582400698A4075CD8DFE576 /* SwitcherOverlayView.swift */,
				CD84D3EC239C9261F1978139 /* WindowActivator.swift */,
				639B0A8771B6A85D1D058B92 /* WindowEnumerator.swift */,
				82ED34B3DAB4F9D7E805CC23 /* WindowInfo.swift */,
				DE35A535B325EEB6EE5F01B2 /* WindowSwitcherFeature.swift */,
			);
			path = WindowSwitcher;
			sourceTree = "<group>";
		};
		2928E0A961EAD33492D715FA /* Services */ = {
			isa = PBXGroup;
			children = (
				19131B466290896FF77964B7 /* ConfigStore.swift */,
				0E6B4FBA4378AC95E70954B5 /* HotkeyService.swift */,
				4C53A4661F4A89E50AACEC7B /* OverlayWindowManager.swift */,
				5739668272749B5086BEA68B /* PermissionService.swift */,
			);
			path = Services;
			sourceTree = "<group>";
		};
		3419789DA648064504E6422E /* NoShitMacCoreTests */ = {
			isa = PBXGroup;
			children = (
				7AFA8365DCB26CCBBB73C98A /* AppConfigTests.swift */,
			);
			path = NoShitMacCoreTests;
			sourceTree = "<group>";
		};
		83AD2B06DF79BC27A8285E77 /* NoShitMac */ = {
			isa = PBXGroup;
			children = (
				C2836353C06394981A484261 /* AppCoordinator.swift */,
				1119BE6990180280A1444CE2 /* Assets.xcassets */,
				CB99B75435B8C3DBAC7FE399 /* HotkeyRecorderView.swift */,
				A2B6BCD4E3CC7D1F3380A6F8 /* Info.plist */,
				6A2B9287111A3866148E483E /* MenuBarView.swift */,
				FFA597F39408054241085A8E /* NoShitMac.entitlements */,
				71C4EBEAEF768526B76DC3AE /* NoShitMacApp.swift */,
				6617ED93CB3948DDC39CF52C /* SettingsView.swift */,
			);
			path = NoShitMac;
			sourceTree = "<group>";
		};
		9A13D28286398E51EFEC8E8D /* Features */ = {
			isa = PBXGroup;
			children = (
				B8958BDE1D32FD8B96558537 /* Screenshot */,
				1FC2BF055956C5520526097F /* WindowSwitcher */,
			);
			path = Features;
			sourceTree = "<group>";
		};
		A00E5FC6BCE4D3A362C8F1CD /* WindowEnumeratorTests */ = {
			isa = PBXGroup;
			children = (
				F8B0CBD6573171F7122D7993 /* WindowInfoTests.swift */,
			);
			path = WindowEnumeratorTests;
			sourceTree = "<group>";
		};
		B463DADC75A071648D28AF3F /* Products */ = {
			isa = PBXGroup;
			children = (
				BDD3F8A04B6F64FAA00A5268 /* NoShitMac.app */,
				55F06C130E8A8CD80F484F9E /* NoShitMacAgent */,
				DE88F83AF56B613D323828DE /* NoShitMacCore.framework */,
				07D6EC9BCA848B34411B8A58 /* NoShitMacTests.xctest */,
			);
			name = Products;
			sourceTree = "<group>";
		};
		B788812085F19C0152706A0A /* NoShitMacAgent */ = {
			isa = PBXGroup;
			children = (
				94A581D048608447EA094F4F /* main.swift */,
			);
			path = NoShitMacAgent;
			sourceTree = "<group>";
		};
		B8958BDE1D32FD8B96558537 /* Screenshot */ = {
			isa = PBXGroup;
			children = (
				A26C37124DD4FDAE6DE45719 /* CaptureService.swift */,
				9BC08E26DD762163BEBC7C01 /* CropOverlayView.swift */,
				194F38700024B6C3208AD858 /* RegionSelectionView.swift */,
				CA0B45EB40522A2817199DA3 /* ScreenshotDrawingView.swift */,
				55F82EE3151B18BFA6499F9B /* ScreenshotEditorView.swift */,
				3374B50437E21F5244D39C55 /* ScreenshotFeature.swift */,
			);
			path = Screenshot;
			sourceTree = "<group>";
		};
		D73C574156E327AE7C327593 = {
			isa = PBXGroup;
			children = (
				9A13D28286398E51EFEC8E8D /* Features */,
				83AD2B06DF79BC27A8285E77 /* NoShitMac */,
				B788812085F19C0152706A0A /* NoShitMacAgent */,
				ED4CB0B6E9CF38C38F40E258 /* NoShitMacCore */,
				FB2252EEF9909A9D93B9ED91 /* Tests */,
				0D2A924DCEBD2C774D0241B8 /* Frameworks */,
				B463DADC75A071648D28AF3F /* Products */,
			);
			sourceTree = "<group>";
		};
		ED4CB0B6E9CF38C38F40E258 /* NoShitMacCore */ = {
			isa = PBXGroup;
			children = (
				01500E1B7E948611D69CC046 /* Models */,
				2928E0A961EAD33492D715FA /* Services */,
				A002DE1C30C417CD0D599887 /* FeatureModule.swift */,
				D07A2249F8E297F591842763 /* FeatureRegistry.swift */,
				1F970FD5659E366CDF97CC72 /* NoShitMacCore.swift */,
			);
			path = NoShitMacCore;
			sourceTree = "<group>";
		};
		FB2252EEF9909A9D93B9ED91 /* Tests */ = {
			isa = PBXGroup;
			children = (
				3419789DA648064504E6422E /* NoShitMacCoreTests */,
				A00E5FC6BCE4D3A362C8F1CD /* WindowEnumeratorTests */,
			);
			path = Tests;
			sourceTree = "<group>";
		};
/* End PBXGroup section */

/* Begin PBXNativeTarget section */
		35C10129F916EE25F9042C7B /* NoShitMacAgent */ = {
			isa = PBXNativeTarget;
			buildConfigurationList = 3A77184CF17B7512201A441B /* Build configuration list for PBXNativeTarget "NoShitMacAgent" */;
			buildPhases = (
				65DA774401B6E52E81F45970 /* Sources */,
			);
			buildRules = (
			);
			dependencies = (
			);
			name = NoShitMacAgent;
			packageProductDependencies = (
			);
			productName = NoShitMacAgent;
			productReference = 55F06C130E8A8CD80F484F9E /* NoShitMacAgent */;
			productType = "com.apple.product-type.tool";
		};
		38E9B8507F62A913BBA9E75B /* NoShitMacCore */ = {
			isa = PBXNativeTarget;
			buildConfigurationList = 2FB8823BF23B92A3E548F3A1 /* Build configuration list for PBXNativeTarget "NoShitMacCore" */;
			buildPhases = (
				05FDB27992536D4D1908F78D /* Sources */,
			);
			buildRules = (
			);
			dependencies = (
			);
			name = NoShitMacCore;
			packageProductDependencies = (
			);
			productName = NoShitMacCore;
			productReference = DE88F83AF56B613D323828DE /* NoShitMacCore.framework */;
			productType = "com.apple.product-type.framework";
		};
		56B3A76A72F1C8AD5A7202F6 /* NoShitMac */ = {
			isa = PBXNativeTarget;
			buildConfigurationList = F12EB9B6C7D23901B8ED14FB /* Build configuration list for PBXNativeTarget "NoShitMac" */;
			buildPhases = (
				8AFFDEB80343575B9722FEBF /* Sources */,
				FAB2D88708831DFD9CAFC8B0 /* Resources */,
				8785D55D0F118E0100D2EAC5 /* Frameworks */,
				A6A08337C97883E154C918D4 /* Embed Frameworks */,
			);
			buildRules = (
			);
			dependencies = (
				B34E37A94043704715116309 /* PBXTargetDependency */,
			);
			name = NoShitMac;
			packageProductDependencies = (
			);
			productName = NoShitMac;
			productReference = BDD3F8A04B6F64FAA00A5268 /* NoShitMac.app */;
			productType = "com.apple.product-type.application";
		};
		F69C656EFE2571203D741859 /* NoShitMacTests */ = {
			isa = PBXNativeTarget;
			buildConfigurationList = 8EE9A6879D877FABD6B2CC5D /* Build configuration list for PBXNativeTarget "NoShitMacTests" */;
			buildPhases = (
				C0A4AD1E6CE5EA117E3AFDD9 /* Sources */,
				B08028ADD3097EA74D6601EE /* Frameworks */,
				10FF69264EA09519F15A6E2E /* Embed Frameworks */,
			);
			buildRules = (
			);
			dependencies = (
				11D641A98C9D3358B223E1D5 /* PBXTargetDependency */,
				349102BF3B155BD1B5C2711E /* PBXTargetDependency */,
			);
			name = NoShitMacTests;
			packageProductDependencies = (
			);
			productName = NoShitMacTests;
			productReference = 07D6EC9BCA848B34411B8A58 /* NoShitMacTests.xctest */;
			productType = "com.apple.product-type.bundle.unit-test";
		};
/* End PBXNativeTarget section */

/* Begin PBXProject section */
		ED1A8D11E3DA3315FBDF9C04 /* Project object */ = {
			isa = PBXProject;
			attributes = {
				BuildIndependentTargetsInParallel = YES;
				LastUpgradeCheck = 1430;
				TargetAttributes = {
				};
			};
			buildConfigurationList = 748763E9373E0AFB01409628 /* Build configuration list for PBXProject "NoShitMac" */;
			developmentRegion = en;
			hasScannedForEncodings = 0;
			knownRegions = (
				Base,
				en,
			);
			mainGroup = D73C574156E327AE7C327593;
			minimizedProjectReferenceProxies = 1;
			preferredProjectObjectVersion = 77;
			productRefGroup = B463DADC75A071648D28AF3F /* Products */;
			projectDirPath = "";
			projectRoot = "";
			targets = (
				38E9B8507F62A913BBA9E75B /* NoShitMacCore */,
				56B3A76A72F1C8AD5A7202F6 /* NoShitMac */,
				F69C656EFE2571203D741859 /* NoShitMacTests */,
				35C10129F916EE25F9042C7B /* NoShitMacAgent */,
			);
		};
/* End PBXProject section */

/* Begin PBXResourcesBuildPhase section */
		FAB2D88708831DFD9CAFC8B0 /* Resources */ = {
			isa = PBXResourcesBuildPhase;
			buildActionMask = 2147483647;
			files = (
				C5929BDCB1ACB6A02D924863 /* Assets.xcassets in Resources */,
			);
			runOnlyForDeploymentPostprocessing = 0;
		};
/* End PBXResourcesBuildPhase section */

/* Begin PBXSourcesBuildPhase section */
		05FDB27992536D4D1908F78D /* Sources */ = {
			isa = PBXSourcesBuildPhase;
			buildActionMask = 2147483647;
			files = (
				12CB9B411BD141CA03681119 /* AppConfig.swift in Sources */,
				633BF8B98A51E69606480856 /* ConfigStore.swift in Sources */,
				CD1EE841B83A79EF50648BC2 /* FeatureModule.swift in Sources */,
				0BF99920DF62C3CF8A3DA28E /* FeatureRegistry.swift in Sources */,
				FF6A1FCA38F1CF5357A551C1 /* HotkeyBinding.swift in Sources */,
				9AE3BDA2A29821F6F589F069 /* HotkeyService.swift in Sources */,
				86D500186C1014C0A2878459 /* NoShitMacCore.swift in Sources */,
				92A7309F9473648A7F580B15 /* OverlayWindowManager.swift in Sources */,
				0AA5E93C876A926810D8B4B2 /* PermissionService.swift in Sources */,
			);
			runOnlyForDeploymentPostprocessing = 0;
		};
		65DA774401B6E52E81F45970 /* Sources */ = {
			isa = PBXSourcesBuildPhase;
			buildActionMask = 2147483647;
			files = (
				2B9F9ED84F7A2D68AC195C60 /* main.swift in Sources */,
			);
			runOnlyForDeploymentPostprocessing = 0;
		};
		8AFFDEB80343575B9722FEBF /* Sources */ = {
			isa = PBXSourcesBuildPhase;
			buildActionMask = 2147483647;
			files = (
				65B10C0F864BBD2A46638F1B /* AppCoordinator.swift in Sources */,
				B009C6167BB2FF71DB263DA9 /* CaptureService.swift in Sources */,
				122F4937927516ED46956B18 /* CropOverlayView.swift in Sources */,
				EEED5F08F56C834F7FDA60E6 /* HotkeyRecorderView.swift in Sources */,
				8E97BC747F35EF9E234D6B71 /* MenuBarView.swift in Sources */,
				D79430FCBCA2F0E77DB18E0A /* NoShitMacApp.swift in Sources */,
				C79275419CA6DFBD4AD2E016 /* RegionSelectionView.swift in Sources */,
				20D9E6AF2FBB6656FA24BEC8 /* ScreenshotDrawingView.swift in Sources */,
				7EA6B5C17A1701BB87911115 /* ScreenshotEditorView.swift in Sources */,
				F514FA669663FB040E8B18DE /* ScreenshotFeature.swift in Sources */,
				08B75CF71343BCD267C5E5DC /* SettingsView.swift in Sources */,
				4BED347212E115D948B8714D /* SwitcherOverlayView.swift in Sources */,
				2FD5448B46D41D765C5DA492 /* WindowActivator.swift in Sources */,
				8645CABEA8557959C98A07FE /* WindowEnumerator.swift in Sources */,
				D704137E6021E0AACD4B32D7 /* WindowInfo.swift in Sources */,
				6E375ECDF76EEA033DEF8F38 /* WindowSwitcherFeature.swift in Sources */,
			);
			runOnlyForDeploymentPostprocessing = 0;
		};
		C0A4AD1E6CE5EA117E3AFDD9 /* Sources */ = {
			isa = PBXSourcesBuildPhase;
			buildActionMask = 2147483647;
			files = (
				35DAFBC8ACD21D9854ED4768 /* AppConfigTests.swift in Sources */,
				1114DB51A38F5CD34AC943C1 /* WindowInfoTests.swift in Sources */,
			);
			runOnlyForDeploymentPostprocessing = 0;
		};
/* End PBXSourcesBuildPhase section */

/* Begin PBXTargetDependency section */
		11D641A98C9D3358B223E1D5 /* PBXTargetDependency */ = {
			isa = PBXTargetDependency;
			target = 56B3A76A72F1C8AD5A7202F6 /* NoShitMac */;
			targetProxy = FD55879EB74A7FFE2AB38E16 /* PBXContainerItemProxy */;
		};
		349102BF3B155BD1B5C2711E /* PBXTargetDependency */ = {
			isa = PBXTargetDependency;
			target = 38E9B8507F62A913BBA9E75B /* NoShitMacCore */;
			targetProxy = BE3C462BC04F4449F0EA6417 /* PBXContainerItemProxy */;
		};
		B34E37A94043704715116309 /* PBXTargetDependency */ = {
			isa = PBXTargetDependency;
			target = 38E9B8507F62A913BBA9E75B /* NoShitMacCore */;
			targetProxy = C50E5E748DCBCFABB75AC87B /* PBXContainerItemProxy */;
		};
/* End PBXTargetDependency section */

/* Begin XCBuildConfiguration section */
		07FD7EE1DC27886D624921CD /* Debug */ = {
			isa = XCBuildConfiguration;
			buildSettings = {
				ASSETCATALOG_COMPILER_APPICON_NAME = AppIcon;
				CODE_SIGN_ENTITLEMENTS = NoShitMac/NoShitMac.entitlements;
				COMBINE_HIDPI_IMAGES = YES;
				CURRENT_PROJECT_VERSION = 1;
				INFOPLIST_FILE = NoShitMac/Info.plist;
				LD_RUNPATH_SEARCH_PATHS = "$(inherited) @executable_path/../Frameworks";
				MARKETING_VERSION = 0.1.0;
				PRODUCT_BUNDLE_IDENTIFIER = com.rkjagani781.NoShitMac;
				SDKROOT = macosx;
			};
			name = Debug;
		};
		08DECCF493A7F70BB9D00928 /* Debug */ = {
			isa = XCBuildConfiguration;
			buildSettings = {
				ALWAYS_SEARCH_USER_PATHS = NO;
				CLANG_ANALYZER_NONNULL = YES;
				CLANG_ANALYZER_NUMBER_OBJECT_CONVERSION = YES_AGGRESSIVE;
				CLANG_CXX_LANGUAGE_STANDARD = "gnu++14";
				CLANG_CXX_LIBRARY = "libc++";
				CLANG_ENABLE_MODULES = YES;
				CLANG_ENABLE_OBJC_ARC = YES;
				CLANG_ENABLE_OBJC_WEAK = YES;
				CLANG_WARN_BLOCK_CAPTURE_AUTORELEASING = YES;
				CLANG_WARN_BOOL_CONVERSION = YES;
				CLANG_WARN_COMMA = YES;
				CLANG_WARN_CONSTANT_CONVERSION = YES;
				CLANG_WARN_DEPRECATED_OBJC_IMPLEMENTATIONS = YES;
				CLANG_WARN_DIRECT_OBJC_ISA_USAGE = YES_ERROR;
				CLANG_WARN_DOCUMENTATION_COMMENTS = YES;
				CLANG_WARN_EMPTY_BODY = YES;
				CLANG_WARN_ENUM_CONVERSION = YES;
				CLANG_WARN_INFINITE_RECURSION = YES;
				CLANG_WARN_INT_CONVERSION = YES;
				CLANG_WARN_NON_LITERAL_NULL_CONVERSION = YES;
				CLANG_WARN_OBJC_IMPLICIT_RETAIN_SELF = YES;
				CLANG_WARN_OBJC_LITERAL_CONVERSION = YES;
				CLANG_WARN_OBJC_ROOT_CLASS = YES_ERROR;
				CLANG_WARN_QUOTED_INCLUDE_IN_FRAMEWORK_HEADER = YES;
				CLANG_WARN_RANGE_LOOP_ANALYSIS = YES;
				CLANG_WARN_STRICT_PROTOTYPES = YES;
				CLANG_WARN_SUSPICIOUS_MOVE = YES;
				CLANG_WARN_UNGUARDED_AVAILABILITY = YES_AGGRESSIVE;
				CLANG_WARN_UNREACHABLE_CODE = YES;
				CLANG_WARN__DUPLICATE_METHOD_MATCH = YES;
				COPY_PHASE_STRIP = NO;
				DEBUG_INFORMATION_FORMAT = dwarf;
				ENABLE_STRICT_OBJC_MSGSEND = YES;
				ENABLE_TESTABILITY = YES;
				GCC_C_LANGUAGE_STANDARD = gnu11;
				GCC_DYNAMIC_NO_PIC = NO;
				GCC_NO_COMMON_BLOCKS = YES;
				GCC_OPTIMIZATION_LEVEL = 0;
				GCC_PREPROCESSOR_DEFINITIONS = (
					"$(inherited)",
					"DEBUG=1",
				);
				GCC_WARN_64_TO_32_BIT_CONVERSION = YES;
				GCC_WARN_ABOUT_RETURN_TYPE = YES_ERROR;
				GCC_WARN_UNDECLARED_SELECTOR = YES;
				GCC_WARN_UNINITIALIZED_AUTOS = YES_AGGRESSIVE;
				GCC_WARN_UNUSED_FUNCTION = YES;
				GCC_WARN_UNUSED_VARIABLE = YES;
				MACOSX_DEPLOYMENT_TARGET = 14.0;
				MTL_ENABLE_DEBUG_INFO = INCLUDE_SOURCE;
				MTL_FAST_MATH = YES;
				ONLY_ACTIVE_ARCH = YES;
				PRODUCT_NAME = "$(TARGET_NAME)";
				SDKROOT = macosx;
				SWIFT_ACTIVE_COMPILATION_CONDITIONS = DEBUG;
				SWIFT_OPTIMIZATION_LEVEL = "-Onone";
				SWIFT_VERSION = 5.9;
			};
			name = Debug;
		};
		0B6EDF7844DED708E4DA1D13 /* Debug */ = {
			isa = XCBuildConfiguration;
			buildSettings = {
				COMBINE_HIDPI_IMAGES = YES;
				GENERATE_INFOPLIST_FILE = YES;
				LD_RUNPATH_SEARCH_PATHS = (
					"$(inherited)",
					"@executable_path/../Frameworks",
				);
				PRODUCT_BUNDLE_IDENTIFIER = com.rkjagani781.NoShitMacAgent;
				SDKROOT = macosx;
			};
			name = Debug;
		};
		3C809906B8A04BD19F195A9C /* Release */ = {
			isa = XCBuildConfiguration;
			buildSettings = {
				BUNDLE_LOADER = "$(TEST_HOST)";
				COMBINE_HIDPI_IMAGES = YES;
				GENERATE_INFOPLIST_FILE = YES;
				LD_RUNPATH_SEARCH_PATHS = (
					"$(inherited)",
					"@executable_path/../Frameworks",
					"@loader_path/../Frameworks",
				);
				PRODUCT_BUNDLE_IDENTIFIER = com.rkjagani781.NoShitMacTests;
				SDKROOT = macosx;
				TEST_HOST = "$(BUILT_PRODUCTS_DIR)/NoShitMac.app/Contents/MacOS/NoShitMac";
			};
			name = Release;
		};
		8111195BD721AA2B7460C2EC /* Release */ = {
			isa = XCBuildConfiguration;
			buildSettings = {
				ASSETCATALOG_COMPILER_APPICON_NAME = AppIcon;
				CODE_SIGN_ENTITLEMENTS = NoShitMac/NoShitMac.entitlements;
				COMBINE_HIDPI_IMAGES = YES;
				CURRENT_PROJECT_VERSION = 1;
				INFOPLIST_FILE = NoShitMac/Info.plist;
				LD_RUNPATH_SEARCH_PATHS = "$(inherited) @executable_path/../Frameworks";
				MARKETING_VERSION = 0.1.0;
				PRODUCT_BUNDLE_IDENTIFIER = com.rkjagani781.NoShitMac;
				SDKROOT = macosx;
			};
			name = Release;
		};
		8D9ACC61A157A8A143908385 /* Release */ = {
			isa = XCBuildConfiguration;
			buildSettings = {
				ALWAYS_SEARCH_USER_PATHS = NO;
				CLANG_ANALYZER_NONNULL = YES;
				CLANG_ANALYZER_NUMBER_OBJECT_CONVERSION = YES_AGGRESSIVE;
				CLANG_CXX_LANGUAGE_STANDARD = "gnu++14";
				CLANG_CXX_LIBRARY = "libc++";
				CLANG_ENABLE_MODULES = YES;
				CLANG_ENABLE_OBJC_ARC = YES;
				CLANG_ENABLE_OBJC_WEAK = YES;
				CLANG_WARN_BLOCK_CAPTURE_AUTORELEASING = YES;
				CLANG_WARN_BOOL_CONVERSION = YES;
				CLANG_WARN_COMMA = YES;
				CLANG_WARN_CONSTANT_CONVERSION = YES;
				CLANG_WARN_DEPRECATED_OBJC_IMPLEMENTATIONS = YES;
				CLANG_WARN_DIRECT_OBJC_ISA_USAGE = YES_ERROR;
				CLANG_WARN_DOCUMENTATION_COMMENTS = YES;
				CLANG_WARN_EMPTY_BODY = YES;
				CLANG_WARN_ENUM_CONVERSION = YES;
				CLANG_WARN_INFINITE_RECURSION = YES;
				CLANG_WARN_INT_CONVERSION = YES;
				CLANG_WARN_NON_LITERAL_NULL_CONVERSION = YES;
				CLANG_WARN_OBJC_IMPLICIT_RETAIN_SELF = YES;
				CLANG_WARN_OBJC_LITERAL_CONVERSION = YES;
				CLANG_WARN_OBJC_ROOT_CLASS = YES_ERROR;
				CLANG_WARN_QUOTED_INCLUDE_IN_FRAMEWORK_HEADER = YES;
				CLANG_WARN_RANGE_LOOP_ANALYSIS = YES;
				CLANG_WARN_STRICT_PROTOTYPES = YES;
				CLANG_WARN_SUSPICIOUS_MOVE = YES;
				CLANG_WARN_UNGUARDED_AVAILABILITY = YES_AGGRESSIVE;
				CLANG_WARN_UNREACHABLE_CODE = YES;
				CLANG_WARN__DUPLICATE_METHOD_MATCH = YES;
				COPY_PHASE_STRIP = NO;
				DEBUG_INFORMATION_FORMAT = "dwarf-with-dsym";
				ENABLE_NS_ASSERTIONS = NO;
				ENABLE_STRICT_OBJC_MSGSEND = YES;
				GCC_C_LANGUAGE_STANDARD = gnu11;
				GCC_NO_COMMON_BLOCKS = YES;
				GCC_WARN_64_TO_32_BIT_CONVERSION = YES;
				GCC_WARN_ABOUT_RETURN_TYPE = YES_ERROR;
				GCC_WARN_UNDECLARED_SELECTOR = YES;
				GCC_WARN_UNINITIALIZED_AUTOS = YES_AGGRESSIVE;
				GCC_WARN_UNUSED_FUNCTION = YES;
				GCC_WARN_UNUSED_VARIABLE = YES;
				MACOSX_DEPLOYMENT_TARGET = 14.0;
				MTL_ENABLE_DEBUG_INFO = NO;
				MTL_FAST_MATH = YES;
				PRODUCT_NAME = "$(TARGET_NAME)";
				SDKROOT = macosx;
				SWIFT_COMPILATION_MODE = wholemodule;
				SWIFT_OPTIMIZATION_LEVEL = "-O";
				SWIFT_VERSION = 5.9;
			};
			name = Release;
		};
		AD8E3E7DB32625A57A4AF45D /* Debug */ = {
			isa = XCBuildConfiguration;
			buildSettings = {
				CODE_SIGN_IDENTITY = "";
				COMBINE_HIDPI_IMAGES = YES;
				CURRENT_PROJECT_VERSION = 1;
				DEFINES_MODULE = YES;
				DYLIB_COMPATIBILITY_VERSION = 1;
				DYLIB_CURRENT_VERSION = 1;
				DYLIB_INSTALL_NAME_BASE = "@rpath";
				GENERATE_INFOPLIST_FILE = YES;
				INSTALL_PATH = "$(LOCAL_LIBRARY_DIR)/Frameworks";
				LD_RUNPATH_SEARCH_PATHS = (
					"$(inherited)",
					"@executable_path/../Frameworks",
				);
				MARKETING_VERSION = 0.1.0;
				PRODUCT_BUNDLE_IDENTIFIER = com.rkjagani781.NoShitMacCore;
				SDKROOT = macosx;
				SKIP_INSTALL = YES;
				VERSIONING_SYSTEM = "apple-generic";
			};
			name = Debug;
		};
		CF955CE9DC4D1F93130C5641 /* Release */ = {
			isa = XCBuildConfiguration;
			buildSettings = {
				COMBINE_HIDPI_IMAGES = YES;
				GENERATE_INFOPLIST_FILE = YES;
				LD_RUNPATH_SEARCH_PATHS = (
					"$(inherited)",
					"@executable_path/../Frameworks",
				);
				PRODUCT_BUNDLE_IDENTIFIER = com.rkjagani781.NoShitMacAgent;
				SDKROOT = macosx;
			};
			name = Release;
		};
		EA124D010F9A8CF36C1F8B8A /* Release */ = {
			isa = XCBuildConfiguration;
			buildSettings = {
				CODE_SIGN_IDENTITY = "";
				COMBINE_HIDPI_IMAGES = YES;
				CURRENT_PROJECT_VERSION = 1;
				DEFINES_MODULE = YES;
				DYLIB_COMPATIBILITY_VERSION = 1;
				DYLIB_CURRENT_VERSION = 1;
				DYLIB_INSTALL_NAME_BASE = "@rpath";
				GENERATE_INFOPLIST_FILE = YES;
				INSTALL_PATH = "$(LOCAL_LIBRARY_DIR)/Frameworks";
				LD_RUNPATH_SEARCH_PATHS = (
					"$(inherited)",
					"@executable_path/../Frameworks",
				);
				MARKETING_VERSION = 0.1.0;
				PRODUCT_BUNDLE_IDENTIFIER = com.rkjagani781.NoShitMacCore;
				SDKROOT = macosx;
				SKIP_INSTALL = YES;
				VERSIONING_SYSTEM = "apple-generic";
			};
			name = Release;
		};
		FFE6897654A38C917A5FAB31 /* Debug */ = {
			isa = XCBuildConfiguration;
			buildSettings = {
				BUNDLE_LOADER = "$(TEST_HOST)";
				COMBINE_HIDPI_IMAGES = YES;
				GENERATE_INFOPLIST_FILE = YES;
				LD_RUNPATH_SEARCH_PATHS = (
					"$(inherited)",
					"@executable_path/../Frameworks",
					"@loader_path/../Frameworks",
				);
				PRODUCT_BUNDLE_IDENTIFIER = com.rkjagani781.NoShitMacTests;
				SDKROOT = macosx;
				TEST_HOST = "$(BUILT_PRODUCTS_DIR)/NoShitMac.app/Contents/MacOS/NoShitMac";
			};
			name = Debug;
		};
/* End XCBuildConfiguration section */

/* Begin XCConfigurationList section */
		2FB8823BF23B92A3E548F3A1 /* Build configuration list for PBXNativeTarget "NoShitMacCore" */ = {
			isa = XCConfigurationList;
			buildConfigurations = (
				AD8E3E7DB32625A57A4AF45D /* Debug */,
				EA124D010F9A8CF36C1F8B8A /* Release */,
			);
			defaultConfigurationIsVisible = 0;
			defaultConfigurationName = Debug;
		};
		3A77184CF17B7512201A441B /* Build configuration list for PBXNativeTarget "NoShitMacAgent" */ = {
			isa = XCConfigurationList;
			buildConfigurations = (
				0B6EDF7844DED708E4DA1D13 /* Debug */,
				CF955CE9DC4D1F93130C5641 /* Release */,
			);
			defaultConfigurationIsVisible = 0;
			defaultConfigurationName = Debug;
		};
		748763E9373E0AFB01409628 /* Build configuration list for PBXProject "NoShitMac" */ = {
			isa = XCConfigurationList;
			buildConfigurations = (
				08DECCF493A7F70BB9D00928 /* Debug */,
				8D9ACC61A157A8A143908385 /* Release */,
			);
			defaultConfigurationIsVisible = 0;
			defaultConfigurationName = Debug;
		};
		8EE9A6879D877FABD6B2CC5D /* Build configuration list for PBXNativeTarget "NoShitMacTests" */ = {
			isa = XCConfigurationList;
			buildConfigurations = (
				FFE6897654A38C917A5FAB31 /* Debug */,
				3C809906B8A04BD19F195A9C /* Release */,
			);
			defaultConfigurationIsVisible = 0;
			defaultConfigurationName = Debug;
		};
		F12EB9B6C7D23901B8ED14FB /* Build configuration list for PBXNativeTarget "NoShitMac" */ = {
			isa = XCConfigurationList;
			buildConfigurations = (
				07FD7EE1DC27886D624921CD /* Debug */,
				8111195BD721AA2B7460C2EC /* Release */,
			);
			defaultConfigurationIsVisible = 0;
			defaultConfigurationName = Debug;
		};
/* End XCConfigurationList section */
	};
	rootObject = ED1A8D11E3DA3315FBDF9C04 /* Project object */;
}
